
Microsoft Visual Studio Solution File, Format Version 12.00
# Visual Studio Version 17
VisualStudioVersion = 17.4.33213.308
MinimumVisualStudioVersion = 10.0.40219.1
Project("{FAE04EC0-301F-11D3-BF4B-00C04F79EFBC}") = "Week6StringAndArrays", "Week6StringAndArrays\Week6StringAndArrays.csproj", "{C8BD4FD3-F780-45FB-A3F0-3780D82EE462}"
EndProject
Project("{FAE04EC0-301F-11D3-BF4B-00C04F79EFBC}") = "Arrays", "Arrays\Arrays.csproj", "{C95F3FC0-6E62-4D3A-A32E-3DD3A079F18F}"
EndProject
Project("{FAE04EC0-301F-11D3-BF4B-00C04F79EFBC}") = "NumberArrays", "NumberArrays\NumberArrays.csproj", "{CD3E05E1-FA9D-4A50-BD82-C0A22C455414}"
EndProject
Project("{FAE04EC0-301F-11D3-BF4B-00C04F79EFBC}") = "RandomElement", "RandomElement\RandomElement.csproj", "{C376C1A6-0ED5-4C90-9348-0A41ECDD6CEB}"
EndProject
Global
	GlobalSection(SolutionConfigurationPlatforms) = preSolution
		Debug|Any CPU = Debug|Any CPU
		Release|Any CPU = Release|Any CPU
	EndGlobalSection
	GlobalSection(ProjectConfigurationPlatforms) = postSolution
		{C8BD4FD3-F780-45FB-A3F0-3780D82EE462}.Debug|Any CPU.ActiveCfg = Debug|Any CPU
		{C8BD4FD3-F780-45FB-A3F0-3780D82EE462}.Debug|Any CPU.Build.0 = Debug|Any CPU
		{C8BD4FD3-F780-45FB-A3F0-3780D82EE462}.Release|Any CPU.ActiveCfg = Release|Any CPU
		{C8BD4FD3-F780-45FB-A3F0-3780D82EE462}.Release|Any CPU.Build.0 = Release|Any CPU
		{C95F3FC0-6E62-4D3A-A32E-3DD3A079F18F}.Debug|Any CPU.ActiveCfg = Debug|Any CPU
		{C95F3FC0-6E62-4D3A-A32E-3DD3A079F18F}.Debug|Any CPU.Build.0 = Debug|Any CPU
		{C95F3FC0-6E62-4D3A-A32E-3DD3A079F18F}.Release|Any CPU.ActiveCfg = Release|Any CPU
		{C95F3FC0-6E62-4D3A-A32E-3DD3A079F18F}.Release|Any CPU.Build.0 = Release|Any CPU
		{CD3E05E1-FA9D-4A50-BD82-C0A22C455414}.Debug|Any CPU.ActiveCfg = Debug|Any CPU
		{CD3E05E1-FA9D-4A50-BD82-C0A22C455414}.Debug|Any CPU.Build.0 = Debug|Any CPU
		{CD3E05E1-FA9D-4A50-BD82-C0A22C455414}.Release|Any CPU.ActiveCfg = Release|Any CPU
		{CD3E05E1-FA9D-4A50-BD82-C0A22C455414}.Release|Any CPU.Build.0 = Release|Any CPU
		{C376C1A6-0ED5-4C90-9348-0A41ECDD6CEB}.Debug|Any CPU.ActiveCfg = Debug|Any CPU
		{C376C1A6-0ED5-4C90-9348-0A41ECDD6CEB}.Debug|Any CPU.Build.0 = Debug|Any CPU
		{C376C1A6-0ED5-4C90-9348-0A41ECDD6CEB}.Release|Any CPU.ActiveCfg = Release|Any CPU
		{C376C1A6-0ED5-4C90-9348-0A41ECDD6CEB}.Release|Any CPU.Build.0 = Release|Any CPU
	EndGlobalSection
	GlobalSection(SolutionProperties) = preSolution
		HideSolutionNode = FALSE
	EndGlobalSection
	GlobalSection(ExtensibilityGlobals) = postSolution
		SolutionGuid = {FF3568A7-B9DF-4CE4-AC08-531CD3EE55CC}
	EndGlobalSection
EndGlobal
